
Microsoft Visual Studio Solution File, Format Version 12.00
# Visual Studio Version 17
VisualStudioVersion = 17.9.34607.119
MinimumVisualStudioVersion = 10.0.40219.1
Project("{FAE04EC0-301F-11D3-BF4B-00C04F79EFBC}") = "task3_4", "task3_4\task3_4.csproj", "{B450396C-90D4-43E6-9A72-FA22F365C3BB}"
EndProject
Global
	GlobalSection(SolutionConfigurationPlatforms) = preSolution
		Debug|Any CPU = Debug|Any CPU
		Release|Any CPU = Release|Any CPU
	EndGlobalSection
	GlobalSection(ProjectConfigurationPlatforms) = postSolution
		{B450396C-90D4-43E6-9A72-FA22F365C3BB}.Debug|Any CPU.ActiveCfg = Debug|Any CPU
		{B450396C-90D4-43E6-9A72-FA22F365C3BB}.Debug|Any CPU.Build.0 = Debug|Any CPU
		{B450396C-90D4-43E6-9A72-FA22F365C3BB}.Release|Any CPU.ActiveCfg = Release|Any CPU
		{B450396C-90D4-43E6-9A72-FA22F365C3BB}.Release|Any CPU.Build.0 = Release|Any CPU
	EndGlobalSection
	GlobalSection(SolutionProperties) = preSolution
		HideSolutionNode = FALSE
	EndGlobalSection
	GlobalSection(ExtensibilityGlobals) = postSolution
		SolutionGuid = {CFF31160-7243-45DE-9AA9-BA57CD09DB45}
	EndGlobalSection
EndGlobal
